
Microsoft Visual Studio Solution File, Format Version 12.00
Project("{FAE04EC0-301F-11D3-BF4B-00C04F79EFBC}") = "Hestify", "Hestify\Hestify.csproj", "{983FA234-58A7-4367-9727-9E193DFF9F5D}"
EndProject
Project("{2150E333-8FDC-42A3-9474-1A3956D46DE8}") = "Items", "Items", "{BCA0240E-628C-4BAE-B35B-4ADBC68B8D48}"
ProjectSection(SolutionItems) = preProject
	..\.gitignore = ..\.gitignore
	..\README.md = ..\README.md
	..\LICENSE = ..\LICENSE
EndProjectSection
EndProject
Project("{FAE04EC0-301F-11D3-BF4B-00C04F79EFBC}") = "Hestify.Test", "Hestify.Test\Hestify.Test.csproj", "{A86ABAA9-2134-4642-8549-C2C42466ECC2}"
EndProject
Global
	GlobalSection(SolutionConfigurationPlatforms) = preSolution
		Debug|Any CPU = Debug|Any CPU
		Release|Any CPU = Release|Any CPU
	EndGlobalSection
	GlobalSection(ProjectConfigurationPlatforms) = postSolution
		{983FA234-58A7-4367-9727-9E193DFF9F5D}.Debug|Any CPU.ActiveCfg = Debug|Any CPU
		{983FA234-58A7-4367-9727-9E193DFF9F5D}.Debug|Any CPU.Build.0 = Debug|Any CPU
		{983FA234-58A7-4367-9727-9E193DFF9F5D}.Release|Any CPU.ActiveCfg = Release|Any CPU
		{983FA234-58A7-4367-9727-9E193DFF9F5D}.Release|Any CPU.Build.0 = Release|Any CPU
		{A86ABAA9-2134-4642-8549-C2C42466ECC2}.Debug|Any CPU.ActiveCfg = Debug|Any CPU
		{A86ABAA9-2134-4642-8549-C2C42466ECC2}.Debug|Any CPU.Build.0 = Debug|Any CPU
		{A86ABAA9-2134-4642-8549-C2C42466ECC2}.Release|Any CPU.ActiveCfg = Release|Any CPU
		{A86ABAA9-2134-4642-8549-C2C42466ECC2}.Release|Any CPU.Build.0 = Release|Any CPU
	EndGlobalSection
EndGlobal
